
Microsoft Visual Studio Solution File, Format Version 12.00
# Visual Studio Version 16
VisualStudioVersion = 16.0.30907.101
MinimumVisualStudioVersion = 10.0.40219.1
Project("{FAE04EC0-301F-11D3-BF4B-00C04F79EFBC}") = "Entities", "Entities\Entities.csproj", "{37842088-8E5C-46C9-83F1-A584D614442F}"
EndProject
Project("{FAE04EC0-301F-11D3-BF4B-00C04F79EFBC}") = "DataAccess", "DataAccess\DataAccess.csproj", "{AFC021D9-0ED9-409D-9AFE-8D27A04F919B}"
EndProject
Project("{FAE04EC0-301F-11D3-BF4B-00C04F79EFBC}") = "Core", "Core\Core.csproj", "{093EBDA8-C1E0-4EDD-9392-4DA41315E204}"
EndProject
Project("{FAE04EC0-301F-11D3-BF4B-00C04F79EFBC}") = "Business", "Business\Business.csproj", "{274EEF70-A88D-4731-902E-AB5F7C583872}"
EndProject
Project("{FAE04EC0-301F-11D3-BF4B-00C04F79EFBC}") = "Console", "Console\Console.csproj", "{F3A461C0-3482-4E17-A6CE-B64E91379FD2}"
EndProject
Global
	GlobalSection(SolutionConfigurationPlatforms) = preSolution
		Debug|Any CPU = Debug|Any CPU
		Release|Any CPU = Release|Any CPU
	EndGlobalSection
	GlobalSection(ProjectConfigurationPlatforms) = postSolution
		{37842088-8E5C-46C9-83F1-A584D614442F}.Debug|Any CPU.ActiveCfg = Debug|Any CPU
		{37842088-8E5C-46C9-83F1-A584D614442F}.Debug|Any CPU.Build.0 = Debug|Any CPU
		{37842088-8E5C-46C9-83F1-A584D614442F}.Release|Any CPU.ActiveCfg = Release|Any CPU
		{37842088-8E5C-46C9-83F1-A584D614442F}.Release|Any CPU.Build.0 = Release|Any CPU
		{AFC021D9-0ED9-409D-9AFE-8D27A04F919B}.Debug|Any CPU.ActiveCfg = Debug|Any CPU
		{AFC021D9-0ED9-409D-9AFE-8D27A04F919B}.Debug|Any CPU.Build.0 = Debug|Any CPU
		{AFC021D9-0ED9-409D-9AFE-8D27A04F919B}.Release|Any CPU.ActiveCfg = Release|Any CPU
		{AFC021D9-0ED9-409D-9AFE-8D27A04F919B}.Release|Any CPU.Build.0 = Release|Any CPU
		{093EBDA8-C1E0-4EDD-9392-4DA41315E204}.Debug|Any CPU.ActiveCfg = Debug|Any CPU
		{093EBDA8-C1E0-4EDD-9392-4DA41315E204}.Debug|Any CPU.Build.0 = Debug|Any CPU
		{093EBDA8-C1E0-4EDD-9392-4DA41315E204}.Release|Any CPU.ActiveCfg = Release|Any CPU
		{093EBDA8-C1E0-4EDD-9392-4DA41315E204}.Release|Any CPU.Build.0 = Release|Any CPU
		{274EEF70-A88D-4731-902E-AB5F7C583872}.Debug|Any CPU.ActiveCfg = Debug|Any CPU
		{274EEF70-A88D-4731-902E-AB5F7C583872}.Debug|Any CPU.Build.0 = Debug|Any CPU
		{274EEF70-A88D-4731-902E-AB5F7C583872}.Release|Any CPU.ActiveCfg = Release|Any CPU
		{274EEF70-A88D-4731-902E-AB5F7C583872}.Release|Any CPU.Build.0 = Release|Any CPU
		{F3A461C0-3482-4E17-A6CE-B64E91379FD2}.Debug|Any CPU.ActiveCfg = Debug|Any CPU
		{F3A461C0-3482-4E17-A6CE-B64E91379FD2}.Debug|Any CPU.Build.0 = Debug|Any CPU
		{F3A461C0-3482-4E17-A6CE-B64E91379FD2}.Release|Any CPU.ActiveCfg = Release|Any CPU
		{F3A461C0-3482-4E17-A6CE-B64E91379FD2}.Release|Any CPU.Build.0 = Release|Any CPU
	EndGlobalSection
	GlobalSection(SolutionProperties) = preSolution
		HideSolutionNode = FALSE
	EndGlobalSection
	GlobalSection(ExtensibilityGlobals) = postSolution
		SolutionGuid = {E9EB4D6E-6050-48D3-88AB-5CCB5C77F854}
	EndGlobalSection
EndGlobal
